// !$*UTF8*$!
{
	archiveVersion = 1;
	classes = {
	};
	objectVersion = 50;
	objects = {

/* Begin PBXBuildFile section */
		5F3730922107BB1800A3EA09 /* AppDelegate.swift in Sources */ = {isa = PBXBuildFile; fileRef = 5F3730912107BB1800A3EA09 /* AppDelegate.swift */; };
		5F3730942107BB1800A3EA09 /* ViewController.swift in Sources */ = {isa = PBXBuildFile; fileRef = 5F3730932107BB1800A3EA09 /* ViewController.swift */; };
		5F3730972107BB1800A3EA09 /* Main.storyboard in Resources */ = {isa = PBXBuildFile; fileRef = 5F3730952107BB1800A3EA09 /* Main.storyboard */; };
		5F3730992107BB1B00A3EA09 /* Assets.xcassets in Resources */ = {isa = PBXBuildFile; fileRef = 5F3730982107BB1B00A3EA09 /* Assets.xcassets */; };
		5F37309C2107BB1B00A3EA09 /* LaunchScreen.storyboard in Resources */ = {isa = PBXBuildFile; fileRef = 5F37309A2107BB1B00A3EA09 /* LaunchScreen.storyboard */; };
		5F3730A4210841B800A3EA09 /* LogInViewController.swift in Sources */ = {isa = PBXBuildFile; fileRef = 5F3730A3210841B800A3EA09 /* LogInViewController.swift */; };
		5F68243B210F56B3002DA335 /* UpdateProfileViewController.swift in Sources */ = {isa = PBXBuildFile; fileRef = 5F68243A210F56B3002DA335 /* UpdateProfileViewController.swift */; };
		5FCEF6C62111F2D0000C6CAC /* AccountViewController.swift in Sources */ = {isa = PBXBuildFile; fileRef = 5FCEF6C52111F2D0000C6CAC /* AccountViewController.swift */; };
		5FCEF6C82111F989000C6CAC /* SettingsViewController.swift in Sources */ = {isa = PBXBuildFile; fileRef = 5FCEF6C72111F989000C6CAC /* SettingsViewController.swift */; };
		5FFFA397211553C800F3A0AB /* MatchViewController.swift in Sources */ = {isa = PBXBuildFile; fileRef = 5FFFA396211553C800F3A0AB /* MatchViewController.swift */; };
		E6CC8046C44E2D502F856164 /* Pods_Tinder.framework in Frameworks */ = {isa = PBXBuildFile; fileRef = 14790F7E6167C862D5E795F5 /* Pods_Tinder.framework */; };
/* End PBXBuildFile section */

/* Begin PBXFileReference section */
		14790F7E6167C862D5E795F5 /* Pods_Tinder.framework */ = {isa = PBXFileReference; explicitFileType = wrapper.framework; includeInIndex = 0; path = Pods_Tinder.framework; sourceTree = BUILT_PRODUCTS_DIR; };
		5F37308E2107BB1800A3EA09 /* Tinder.app */ = {isa = PBXFileReference; explicitFileType = wrapper.application; includeInIndex = 0; path = Tinder.app; sourceTree = BUILT_PRODUCTS_DIR; };
		5F3730912107BB1800A3EA09 /* AppDelegate.swift */ = {isa = PBXFileReference; lastKnownFileType = sourcecode.swift; path = AppDelegate.swift; sourceTree = "<group>"; };
		5F3730932107BB1800A3EA09 /* ViewController.swift */ = {isa = PBXFileReference; lastKnownFileType = sourcecode.swift; path = ViewController.swift; sourceTree = "<group>"; };
		5F3730962107BB1800A3EA09 /* Base */ = {isa = PBXFileReference; lastKnownFileType = file.storyboard; name = Base; path = Base.lproj/Main.storyboard; sourceTree = "<group>"; };
		5F3730982107BB1B00A3EA09 /* Assets.xcassets */ = {isa = PBXFileReference; lastKnownFileType = folder.assetcatalog; path = Assets.xcassets; sourceTree = "<group>"; };
		5F37309B2107BB1B00A3EA09 /* Base */ = {isa = PBXFileReference; lastKnownFileType = file.storyboard; name = Base; path = Base.lproj/LaunchScreen.storyboard; sourceTree = "<group>"; };
		5F37309D2107BB1B00A3EA09 /* Info.plist */ = {isa = PBXFileReference; lastKnownFileType = text.plist.xml; path = Info.plist; sourceTree = "<group>"; };
		5F3730A3210841B800A3EA09 /* LogInViewController.swift */ = {isa = PBXFileReference; lastKnownFileType = sourcecode.swift; path = LogInViewController.swift; sourceTree = "<group>"; };
		5F68243A210F56B3002DA335 /* UpdateProfileViewController.swift */ = {isa = PBXFileReference; lastKnownFileType = sourcecode.swift; path = UpdateProfileViewController.swift; sourceTree = "<group>"; };
		5FCEF6C52111F2D0000C6CAC /* AccountViewController.swift */ = {isa = PBXFileReference; lastKnownFileType = sourcecode.swift; path = AccountViewController.swift; sourceTree = "<group>"; };
		5FCEF6C72111F989000C6CAC /* SettingsViewController.swift */ = {isa = PBXFileReference; lastKnownFileType = sourcecode.swift; path = SettingsViewController.swift; sourceTree = "<group>"; };
		5FFFA396211553C800F3A0AB /* MatchViewController.swift */ = {isa = PBXFileReference; lastKnownFileType = sourcecode.swift; path = MatchViewController.swift; sourceTree = "<group>"; };
		A0B866591BCCCB6B61299603 /* Pods-Tinder.release.xcconfig */ = {isa = PBXFileReference; includeInIndex = 1; lastKnownFileType = text.xcconfig; name = "Pods-Tinder.release.xcconfig"; path = "Pods/Target Support Files/Pods-Tinder/Pods-Tinder.release.xcconfig"; sourceTree = "<group>"; };
		DA80EEF9BFE4877719A1F882 /* Pods-Tinder.debug.xcconfig */ = {isa = PBXFileReference; includeInIndex = 1; lastKnownFileType = text.xcconfig; name = "Pods-Tinder.debug.xcconfig"; path = "Pods/Target Support Files/Pods-Tinder/Pods-Tinder.debug.xcconfig"; sourceTree = "<group>"; };
/* End PBXFileReference section */

/* Begin PBXFrameworksBuildPhase section */
		5F37308B2107BB1700A3EA09 /* Frameworks */ = {
			isa = PBXFrameworksBuildPhase;
			buildActionMask = 2147483647;
			files = (
				E6CC8046C44E2D502F856164 /* Pods_Tinder.framework in Frameworks */,
			);
			runOnlyForDeploymentPostprocessing = 0;
		};
/* End PBXFrameworksBuildPhase section */

/* Begin PBXGroup section */
		5F3730852107BB1700A3EA09 = {
			isa = PBXGroup;
			children = (
				5F3730902107BB1800A3EA09 /* Tinder */,
				5F37308F2107BB1800A3EA09 /* Products */,
				E4AAD7C0262AF9AEBF7DFEC0 /* Pods */,
				C8C48E13EE3D864A0E7802EC /* Frameworks */,
			);
			sourceTree = "<group>";
		};
		5F37308F2107BB1800A3EA09 /* Products */ = {
			isa = PBXGroup;
			children = (
				5F37308E2107BB1800A3EA09 /* Tinder.app */,
			);
			name = Products;
			sourceTree = "<group>";
		};
		5F3730902107BB1800A3EA09 /* Tinder */ = {
			isa = PBXGroup;
			children = (
				5F3730912107BB1800A3EA09 /* AppDelegate.swift */,
				5F3730932107BB1800A3EA09 /* ViewController.swift */,
				5F3730952107BB1800A3EA09 /* Main.storyboard */,
				5FFFA396211553C800F3A0AB /* MatchViewController.swift */,
				5FCEF6C72111F989000C6CAC /* SettingsViewController.swift */,
				5FCEF6C52111F2D0000C6CAC /* AccountViewController.swift */,
				5F68243A210F56B3002DA335 /* UpdateProfileViewController.swift */,
				5F3730A3210841B800A3EA09 /* LogInViewController.swift */,
				5F3730982107BB1B00A3EA09 /* Assets.xcassets */,
				5F37309A2107BB1B00A3EA09 /* LaunchScreen.storyboard */,
				5F37309D2107BB1B00A3EA09 /* Info.plist */,
			);
			path = Tinder;
			sourceTree = "<group>";
		};
		C8C48E13EE3D864A0E7802EC /* Frameworks */ = {
			isa = PBXGroup;
			children = (
				14790F7E6167C862D5E795F5 /* Pods_Tinder.framework */,
			);
			name = Frameworks;
			sourceTree = "<group>";
		};
		E4AAD7C0262AF9AEBF7DFEC0 /* Pods */ = {
			isa = PBXGroup;
			children = (
				DA80EEF9BFE4877719A1F882 /* Pods-Tinder.debug.xcconfig */,
				A0B866591BCCCB6B61299603 /* Pods-Tinder.release.xcconfig */,
			);
			name = Pods;
			sourceTree = "<group>";
		};
/* End PBXGroup section */

/* Begin PBXNativeTarget section */
		5F37308D2107BB1700A3EA09 /* Tinder */ = {
			isa = PBXNativeTarget;
			buildConfigurationList = 5F3730A02107BB1B00A3EA09 /* Build configuration list for PBXNativeTarget "Tinder" */;
			buildPhases = (
				64E5848430AA103428531139 /* [CP] Check Pods Manifest.lock */,
				5F37308A2107BB1700A3EA09 /* Sources */,
				5F37308B2107BB1700A3EA09 /* Frameworks */,
				5F37308C2107BB1700A3EA09 /* Resources */,
				8140B25DD482795A4B2452F4 /* [CP] Embed Pods Frameworks */,
			);
			buildRules = (
			);
			dependencies = (
			);
			name = Tinder;
			productName = Tinder;
			productReference = 5F37308E2107BB1800A3EA09 /* Tinder.app */;
			productType = "com.apple.product-type.application";
		};
/* End PBXNativeTarget section */

/* Begin PBXProject section */
		5F3730862107BB1700A3EA09 /* Project object */ = {
			isa = PBXProject;
			attributes = {
				LastSwiftUpdateCheck = 0940;
				LastUpgradeCheck = 0940;
				ORGANIZATIONNAME = "Douglas Putnam";
				TargetAttributes = {
					5F37308D2107BB1700A3EA09 = {
						CreatedOnToolsVersion = 9.4.1;
					};
				};
			};
			buildConfigurationList = 5F3730892107BB1700A3EA09 /* Build configuration list for PBXProject "Tinder" */;
			compatibilityVersion = "Xcode 9.3";
			developmentRegion = en;
			hasScannedForEncodings = 0;
			knownRegions = (
				en,
				Base,
			);
			mainGroup = 5F3730852107BB1700A3EA09;
			productRefGroup = 5F37308F2107BB1800A3EA09 /* Products */;
			projectDirPath = "";
			projectRoot = "";
			targets = (
				5F37308D2107BB1700A3EA09 /* Tinder */,
			);
		};
/* End PBXProject section */

/* Begin PBXResourcesBuildPhase section */
		5F37308C2107BB1700A3EA09 /* Resources */ = {
			isa = PBXResourcesBuildPhase;
			buildActionMask = 2147483647;
			files = (
				5F37309C2107BB1B00A3EA09 /* LaunchScreen.storyboard in Resources */,
				5F3730992107BB1B00A3EA09 /* Assets.xcassets in Resources */,
				5F3730972107BB1800A3EA09 /* Main.storyboard in Resources */,
			);
			runOnlyForDeploymentPostprocessing = 0;
		};
/* End PBXResourcesBuildPhase section */

/* Begin PBXShellScriptBuildPhase section */
		64E5848430AA103428531139 /* [CP] Check Pods Manifest.lock */ = {
			isa = PBXShellScriptBuildPhase;
			buildActionMask = 2147483647;
			files = (
			);
			inputPaths = (
				"${PODS_PODFILE_DIR_PATH}/Podfile.lock",
				"${PODS_ROOT}/Manifest.lock",
			);
			name = "[CP] Check Pods Manifest.lock";
			outputPaths = (
				"$(DERIVED_FILE_DIR)/Pods-Tinder-checkManifestLockResult.txt",
			);
			runOnlyForDeploymentPostprocessing = 0;
			shellPath = /bin/sh;
			shellScript = "diff \"${PODS_PODFILE_DIR_PATH}/Podfile.lock\" \"${PODS_ROOT}/Manifest.lock\" > /dev/null\nif [ $? != 0 ] ; then\n    # print error to STDERR\n    echo \"error: The sandbox is not in sync with the Podfile.lock. Run 'pod install' or update your CocoaPods installation.\" >&2\n    exit 1\nfi\n# This output is used by Xcode 'outputs' to avoid re-running this script phase.\necho \"SUCCESS\" > \"${SCRIPT_OUTPUT_FILE_0}\"\n";
			showEnvVarsInLog = 0;
		};
		8140B25DD482795A4B2452F4 /* [CP] Embed Pods Frameworks */ = {
			isa = PBXShellScriptBuildPhase;
			buildActionMask = 2147483647;
			files = (
			);
			inputPaths = (
				"${SRCROOT}/Pods/Target Support Files/Pods-Tinder/Pods-Tinder-frameworks.sh",
				"${BUILT_PRODUCTS_DIR}/Bolts/Bolts.framework",
				"${BUILT_PRODUCTS_DIR}/Parse/Parse.framework",
			);
			name = "[CP] Embed Pods Frameworks";
			outputPaths = (
				"${TARGET_BUILD_DIR}/${FRAMEWORKS_FOLDER_PATH}/Bolts.framework",
				"${TARGET_BUILD_DIR}/${FRAMEWORKS_FOLDER_PATH}/Parse.framework",
			);
			runOnlyForDeploymentPostprocessing = 0;
			shellPath = /bin/sh;
			shellScript = "\"${SRCROOT}/Pods/Target Support Files/Pods-Tinder/Pods-Tinder-frameworks.sh\"\n";
			showEnvVarsInLog = 0;
		};
/* End PBXShellScriptBuildPhase section */

/* Begin PBXSourcesBuildPhase section */
		5F37308A2107BB1700A3EA09 /* Sources */ = {
			isa = PBXSourcesBuildPhase;
			buildActionMask = 2147483647;
			files = (
				5F3730942107BB1800A3EA09 /* ViewController.swift in Sources */,
				5FCEF6C62111F2D0000C6CAC /* AccountViewController.swift in Sources */,
				5FFFA397211553C800F3A0AB /* MatchViewController.swift in Sources */,
				5F68243B210F56B3002DA335 /* UpdateProfileViewController.swift in Sources */,
				5F3730922107BB1800A3EA09 /* AppDelegate.swift in Sources */,
				5F3730A4210841B800A3EA09 /* LogInViewController.swift in Sources */,
				5FCEF6C82111F989000C6CAC /* SettingsViewController.swift in Sources */,
			);
			runOnlyForDeploymentPostprocessing = 0;
		};
/* End PBXSourcesBuildPhase section */

/* Begin PBXVariantGroup section */
		5F3730952107BB1800A3EA09 /* Main.storyboard */ = {
			isa = PBXVariantGroup;
			children = (
				5F3730962107BB1800A3EA09 /* Base */,
			);
			name = Main.storyboard;
			sourceTree = "<group>";
		};
		5F37309A2107BB1B00A3EA09 /* LaunchScreen.storyboard */ = {
			isa = PBXVariantGroup;
			children = (
				5F37309B2107BB1B00A3EA09 /* Base */,
			);
			name = LaunchScreen.storyboard;
			sourceTree = "<group>";
		};
/* End PBXVariantGroup section */

/* Begin XCBuildConfiguration section */
		5F37309E2107BB1B00A3EA09 /* Debug */ = {
			isa = XCBuildConfiguration;
			buildSettings = {
				ALWAYS_SEARCH_USER_PATHS = NO;
				CLANG_ANALYZER_NONNULL = YES;
				CLANG_ANALYZER_NUMBER_OBJECT_CONVERSION = YES_AGGRESSIVE;
				CLANG_CXX_LANGUAGE_STANDARD = "gnu++14";
				CLANG_CXX_LIBRARY = "libc++";
				CLANG_ENABLE_MODULES = YES;
				CLANG_ENABLE_OBJC_ARC = YES;
				CLANG_ENABLE_OBJC_WEAK = YES;
				CLANG_WARN_BLOCK_CAPTURE_AUTORELEASING = YES;
				CLANG_WARN_BOOL_CONVERSION = YES;
				CLANG_WARN_COMMA = YES;
				CLANG_WARN_CONSTANT_CONVERSION = YES;
				CLANG_WARN_DEPRECATED_OBJC_IMPLEMENTATIONS = YES;
				CLANG_WARN_DIRECT_OBJC_ISA_USAGE = YES_ERROR;
				CLANG_WARN_DOCUMENTATION_COMMENTS = YES;
				CLANG_WARN_EMPTY_BODY = YES;
				CLANG_WARN_ENUM_CONVERSION = YES;
				CLANG_WARN_INFINITE_RECURSION = YES;
				CLANG_WARN_INT_CONVERSION = YES;
				CLANG_WARN_NON_LITERAL_NULL_CONVERSION = YES;
				CLANG_WARN_OBJC_IMPLICIT_RETAIN_SELF = YES;
				CLANG_WARN_OBJC_LITERAL_CONVERSION = YES;
				CLANG_WARN_OBJC_ROOT_CLASS = YES_ERROR;
				CLANG_WARN_RANGE_LOOP_ANALYSIS = YES;
				CLANG_WARN_STRICT_PROTOTYPES = YES;
				CLANG_WARN_SUSPICIOUS_MOVE = YES;
				CLANG_WARN_UNGUARDED_AVAILABILITY = YES_AGGRESSIVE;
				CLANG_WARN_UNREACHABLE_CODE = YES;
				CLANG_WARN__DUPLICATE_METHOD_MATCH = YES;
				CODE_SIGN_IDENTITY = "iPhone Developer";
				COPY_PHASE_STRIP = NO;
				DEBUG_INFORMATION_FORMAT = dwarf;
				ENABLE_STRICT_OBJC_MSGSEND = YES;
				ENABLE_TESTABILITY = YES;
				GCC_C_LANGUAGE_STANDARD = gnu11;
				GCC_DYNAMIC_NO_PIC = NO;
				GCC_NO_COMMON_BLOCKS = YES;
				GCC_OPTIMIZATION_LEVEL = 0;
				GCC_PREPROCESSOR_DEFINITIONS = (
					"DEBUG=1",
					"$(inherited)",
				);
				GCC_WARN_64_TO_32_BIT_CONVERSION = YES;
				GCC_WARN_ABOUT_RETURN_TYPE = YES_ERROR;
				GCC_WARN_UNDECLARED_SELECTOR = YES;
				GCC_WARN_UNINITIALIZED_AUTOS = YES_AGGRESSIVE;
				GCC_WARN_UNUSED_FUNCTION = YES;
				GCC_WARN_UNUSED_VARIABLE = YES;
				IPHONEOS_DEPLOYMENT_TARGET = 11.4;
				MTL_ENABLE_DEBUG_INFO = YES;
				ONLY_ACTIVE_ARCH = YES;
				SDKROOT = iphoneos;
				SWIFT_ACTIVE_COMPILATION_CONDITIONS = DEBUG;
				SWIFT_OPTIMIZATION_LEVEL = "-Onone";
			};
			name = Debug;
		};
		5F37309F2107BB1B00A3EA09 /* Release */ = {
			isa = XCBuildConfiguration;
			buildSettings = {
				ALWAYS_SEARCH_USER_PATHS = NO;
				CLANG_ANALYZER_NONNULL = YES;
				CLANG_ANALYZER_NUMBER_OBJECT_CONVERSION = YES_AGGRESSIVE;
				CLANG_CXX_LANGUAGE_STANDARD = "gnu++14";
				CLANG_CXX_LIBRARY = "libc++";
				CLANG_ENABLE_MODULES = YES;
				CLANG_ENABLE_OBJC_ARC = YES;
				CLANG_ENABLE_OBJC_WEAK = YES;
				CLANG_WARN_BLOCK_CAPTURE_AUTORELEASING = YES;
				CLANG_WARN_BOOL_CONVERSION = YES;
				CLANG_WARN_COMMA = YES;
				CLANG_WARN_CONSTANT_CONVERSION = YES;
				CLANG_WARN_DEPRECATED_OBJC_IMPLEMENTATIONS = YES;
				CLANG_WARN_DIRECT_OBJC_ISA_USAGE = YES_ERROR;
				CLANG_WARN_DOCUMENTATION_COMMENTS = YES;
				CLANG_WARN_EMPTY_BODY = YES;
				CLANG_WARN_ENUM_CONVERSION = YES;
				CLANG_WARN_INFINITE_RECURSION = YES;
				CLANG_WARN_INT_CONVERSION = YES;
				CLANG_WARN_NON_LITERAL_NULL_CONVERSION = YES;
				CLANG_WARN_OBJC_IMPLICIT_RETAIN_SELF = YES;
				CLANG_WARN_OBJC_LITERAL_CONVERSION = YES;
				CLANG_WARN_OBJC_ROOT_CLASS = YES_ERROR;
				CLANG_WARN_RANGE_LOOP_ANALYSIS = YES;
				CLANG_WARN_STRICT_PROTOTYPES = YES;
				CLANG_WARN_SUSPICIOUS_MOVE = YES;
				CLANG_WARN_UNGUARDED_AVAILABILITY = YES_AGGRESSIVE;
				CLANG_WARN_UNREACHABLE_CODE = YES;
				CLANG_WARN__DUPLICATE_METHOD_MATCH = YES;
				CODE_SIGN_IDENTITY = "iPhone Developer";
				COPY_PHASE_STRIP = NO;
				DEBUG_INFORMATION_FORMAT = "dwarf-with-dsym";
				ENABLE_NS_ASSERTIONS = NO;
				ENABLE_STRICT_OBJC_MSGSEND = YES;
				GCC_C_LANGUAGE_STANDARD = gnu11;
				GCC_NO_COMMON_BLOCKS = YES;
				GCC_WARN_64_TO_32_BIT_CONVERSION = YES;
				GCC_WARN_ABOUT_RETURN_TYPE = YES_ERROR;
				GCC_WARN_UNDECLARED_SELECTOR = YES;
				GCC_WARN_UNINITIALIZED_AUTOS = YES_AGGRESSIVE;
				GCC_WARN_UNUSED_FUNCTION = YES;
				GCC_WARN_UNUSED_VARIABLE = YES;
				IPHONEOS_DEPLOYMENT_TARGET = 11.4;
				MTL_ENABLE_DEBUG_INFO = NO;
				SDKROOT = iphoneos;
				SWIFT_COMPILATION_MODE = wholemodule;
				SWIFT_OPTIMIZATION_LEVEL = "-O";
				VALIDATE_PRODUCT = YES;
			};
			name = Release;
		};
		5F3730A12107BB1B00A3EA09 /* Debug */ = {
			isa = XCBuildConfiguration;
			baseConfigurationReference = DA80EEF9BFE4877719A1F882 /* Pods-Tinder.debug.xcconfig */;
			buildSettings = {
				ASSETCATALOG_COMPILER_APPICON_NAME = AppIcon;
				CODE_SIGN_STYLE = Automatic;
				DEVELOPMENT_TEAM = HQC4XHR288;
				INFOPLIST_FILE = Tinder/Info.plist;
				LD_RUNPATH_SEARCH_PATHS = (
					"$(inherited)",
					"@executable_path/Frameworks",
				);
				PRODUCT_BUNDLE_IDENTIFIER = com.douglasputnam.Tinder;
				PRODUCT_NAME = "$(TARGET_NAME)";
				SWIFT_VERSION = 4.0;
				TARGETED_DEVICE_FAMILY = "1,2";
			};
			name = Debug;
		};
		5F3730A22107BB1B00A3EA09 /* Release */ = {
			isa = XCBuildConfiguration;
			baseConfigurationReference = A0B866591BCCCB6B61299603 /* Pods-Tinder.release.xcconfig */;
			buildSettings = {
				ASSETCATALOG_COMPILER_APPICON_NAME = AppIcon;
				CODE_SIGN_STYLE = Automatic;
				DEVELOPMENT_TEAM = HQC4XHR288;
				INFOPLIST_FILE = Tinder/Info.plist;
				LD_RUNPATH_SEARCH_PATHS = (
					"$(inherited)",
					"@executable_path/Frameworks",
				);
				PRODUCT_BUNDLE_IDENTIFIER = com.douglasputnam.Tinder;
				PRODUCT_NAME = "$(TARGET_NAME)";
				SWIFT_VERSION = 4.0;
				TARGETED_DEVICE_FAMILY = "1,2";
			};
			name = Release;
		};
/* End XCBuildConfiguration section */

/* Begin XCConfigurationList section */
		5F3730892107BB1700A3EA09 /* Build configuration list for PBXProject "Tinder" */ = {
			isa = XCConfigurationList;
			buildConfigurations = (
				5F37309E2107BB1B00A3EA09 /* Debug */,
				5F37309F2107BB1B00A3EA09 /* Release */,
			);
			defaultConfigurationIsVisible = 0;
			defaultConfigurationName = Release;
		};
		5F3730A02107BB1B00A3EA09 /* Build configuration list for PBXNativeTarget "Tinder" */ = {
			isa = XCConfigurationList;
			buildConfigurations = (
				5F3730A12107BB1B00A3EA09 /* Debug */,
				5F3730A22107BB1B00A3EA09 /* Release */,
			);
			defaultConfigurationIsVisible = 0;
			defaultConfigurationName = Release;
		};
/* End XCConfigurationList section */
	};
	rootObject = 5F3730862107BB1700A3EA09 /* Project object */;
}
